
Microsoft Visual Studio Solution File, Format Version 12.00
# Visual Studio Version 16
VisualStudioVersion = 16.0.31410.357
MinimumVisualStudioVersion = 10.0.40219.1
Project("{FAE04EC0-301F-11D3-BF4B-00C04F79EFBC}") = "calcul", "calcul\calcul.csproj", "{AF8D757D-B3CA-4580-8A33-CB6A3F418294}"
EndProject
Project("{FAE04EC0-301F-11D3-BF4B-00C04F79EFBC}") = "ClassTests", "ClassTests\ClassTests.csproj", "{5A91CF9E-32B6-4976-BD5D-7A668D7F750A}"
	ProjectSection(ProjectDependencies) = postProject
		{AF8D757D-B3CA-4580-8A33-CB6A3F418294} = {AF8D757D-B3CA-4580-8A33-CB6A3F418294}
	EndProjectSection
EndProject
Global
	GlobalSection(SolutionConfigurationPlatforms) = preSolution
		Debug|Any CPU = Debug|Any CPU
		Release|Any CPU = Release|Any CPU
	EndGlobalSection
	GlobalSection(ProjectConfigurationPlatforms) = postSolution
		{AF8D757D-B3CA-4580-8A33-CB6A3F418294}.Debug|Any CPU.ActiveCfg = Debug|Any CPU
		{AF8D757D-B3CA-4580-8A33-CB6A3F418294}.Debug|Any CPU.Build.0 = Debug|Any CPU
		{AF8D757D-B3CA-4580-8A33-CB6A3F418294}.Release|Any CPU.ActiveCfg = Release|Any CPU
		{AF8D757D-B3CA-4580-8A33-CB6A3F418294}.Release|Any CPU.Build.0 = Release|Any CPU
		{5A91CF9E-32B6-4976-BD5D-7A668D7F750A}.Debug|Any CPU.ActiveCfg = Debug|Any CPU
		{5A91CF9E-32B6-4976-BD5D-7A668D7F750A}.Debug|Any CPU.Build.0 = Debug|Any CPU
		{5A91CF9E-32B6-4976-BD5D-7A668D7F750A}.Release|Any CPU.ActiveCfg = Release|Any CPU
		{5A91CF9E-32B6-4976-BD5D-7A668D7F750A}.Release|Any CPU.Build.0 = Release|Any CPU
	EndGlobalSection
	GlobalSection(SolutionProperties) = preSolution
		HideSolutionNode = FALSE
	EndGlobalSection
	GlobalSection(ExtensibilityGlobals) = postSolution
		SolutionGuid = {0244B902-BA9D-45DD-B653-84018C477531}
	EndGlobalSection
EndGlobal
